<?xml version="1.0" encoding="utf-8"?>
<Project ToolsVersion="4.0" xmlns="http://schemas.microsoft.com/developer/msbuild/2003">
  <ItemGroup>
    <Filter Include="code">
      <UniqueIdentifier>{93995380-89BD-4b04-88EB-625FBE52EBFB}</UniqueIdentifier>
      <Extensions>h;hh;hpp;hxx;hm;inl;inc;xsd</Extensions>
    </Filter>
  </ItemGroup>
  <ItemGroup>
    <ClInclude Include="pch.h">
      <Filter>code</Filter>
    </ClInclude>
    <ClInclude Include="parsing.hpp">
      <Filter>code</Filter>
    </ClInclude>
    <ClInclude Include="mp4.hpp">
      <Filter>code</Filter>
    </ClInclude>
  </ItemGroup>
  <ItemGroup>
    <ClCompile Include="main.cpp">
      <Filter>code</Filter>
    </ClCompile>
    <ClCompile Include="pch.cpp">
      <Filter>code</Filter>
    </ClCompile>
    <ClCompile Include="parsing.cpp">
      <Filter>code</Filter>
    </ClCompile>
  </ItemGroup>
  <ItemGroup>
    <None Include="PropertySheet.props" />
    <None Include="packages.config" />
  </ItemGroup>
</Project>